// !$*UTF8*$!
{
	archiveVersion = 1;
	classes = {
	};
	objectVersion = 56;
	objects = {

/* Begin PBXBuildFile section */
		E7556BEF2BF8592A00157F84 /* LocationSearchResultCell.swift in Sources */ = {isa = PBXBuildFile; fileRef = E7556BEE2BF8592A00157F84 /* LocationSearchResultCell.swift */; };
		E7556BF12BF862D900157F84 /* LocationSearchViewModel.swift in Sources */ = {isa = PBXBuildFile; fileRef = E7556BF02BF862D900157F84 /* LocationSearchViewModel.swift */; };
		E7DDAF5F2BF6F2490050E6DF /* Uber_CloneApp.swift in Sources */ = {isa = PBXBuildFile; fileRef = E7DDAF5E2BF6F2490050E6DF /* Uber_CloneApp.swift */; };
		E7DDAF632BF6F24A0050E6DF /* Assets.xcassets in Resources */ = {isa = PBXBuildFile; fileRef = E7DDAF622BF6F24A0050E6DF /* Assets.xcassets */; };
		E7DDAF662BF6F24A0050E6DF /* Preview Assets.xcassets in Resources */ = {isa = PBXBuildFile; fileRef = E7DDAF652BF6F24A0050E6DF /* Preview Assets.xcassets */; };
		E7DDAF752BF70EDE0050E6DF /* HomeView.swift in Sources */ = {isa = PBXBuildFile; fileRef = E7DDAF742BF70EDE0050E6DF /* HomeView.swift */; };
		E7DDAF772BF70F280050E6DF /* UberMapViewRepresentable.swift in Sources */ = {isa = PBXBuildFile; fileRef = E7DDAF762BF70F280050E6DF /* UberMapViewRepresentable.swift */; };
		E7DDAF7B2BF710280050E6DF /* LocationManager.swift in Sources */ = {isa = PBXBuildFile; fileRef = E7DDAF7A2BF710280050E6DF /* LocationManager.swift */; };
		E7DDAF822BF7142C0050E6DF /* LocationSearchActivationView.swift in Sources */ = {isa = PBXBuildFile; fileRef = E7DDAF812BF7142C0050E6DF /* LocationSearchActivationView.swift */; };
		E7DDAF842BF715F50050E6DF /* MapViewActionButton.swift in Sources */ = {isa = PBXBuildFile; fileRef = E7DDAF832BF715F50050E6DF /* MapViewActionButton.swift */; };
		E7DDAF862BF716D70050E6DF /* LocationSearchView.swift in Sources */ = {isa = PBXBuildFile; fileRef = E7DDAF852BF716D70050E6DF /* LocationSearchView.swift */; };
/* End PBXBuildFile section */

/* Begin PBXFileReference section */
		E7556BEE2BF8592A00157F84 /* LocationSearchResultCell.swift */ = {isa = PBXFileReference; lastKnownFileType = sourcecode.swift; path = LocationSearchResultCell.swift; sourceTree = "<group>"; };
		E7556BF02BF862D900157F84 /* LocationSearchViewModel.swift */ = {isa = PBXFileReference; lastKnownFileType = sourcecode.swift; path = LocationSearchViewModel.swift; sourceTree = "<group>"; };
		E7DDAF5B2BF6F2490050E6DF /* Uber Clone.app */ = {isa = PBXFileReference; explicitFileType = wrapper.application; includeInIndex = 0; path = "Uber Clone.app"; sourceTree = BUILT_PRODUCTS_DIR; };
		E7DDAF5E2BF6F2490050E6DF /* Uber_CloneApp.swift */ = {isa = PBXFileReference; lastKnownFileType = sourcecode.swift; path = Uber_CloneApp.swift; sourceTree = "<group>"; };
		E7DDAF622BF6F24A0050E6DF /* Assets.xcassets */ = {isa = PBXFileReference; lastKnownFileType = folder.assetcatalog; path = Assets.xcassets; sourceTree = "<group>"; };
		E7DDAF652BF6F24A0050E6DF /* Preview Assets.xcassets */ = {isa = PBXFileReference; lastKnownFileType = folder.assetcatalog; path = "Preview Assets.xcassets"; sourceTree = "<group>"; };
		E7DDAF742BF70EDE0050E6DF /* HomeView.swift */ = {isa = PBXFileReference; lastKnownFileType = sourcecode.swift; path = HomeView.swift; sourceTree = "<group>"; };
		E7DDAF762BF70F280050E6DF /* UberMapViewRepresentable.swift */ = {isa = PBXFileReference; lastKnownFileType = sourcecode.swift; path = UberMapViewRepresentable.swift; sourceTree = "<group>"; };
		E7DDAF7A2BF710280050E6DF /* LocationManager.swift */ = {isa = PBXFileReference; lastKnownFileType = sourcecode.swift; path = LocationManager.swift; sourceTree = "<group>"; };
		E7DDAF812BF7142C0050E6DF /* LocationSearchActivationView.swift */ = {isa = PBXFileReference; lastKnownFileType = sourcecode.swift; path = LocationSearchActivationView.swift; sourceTree = "<group>"; };
		E7DDAF832BF715F50050E6DF /* MapViewActionButton.swift */ = {isa = PBXFileReference; lastKnownFileType = sourcecode.swift; path = MapViewActionButton.swift; sourceTree = "<group>"; };
		E7DDAF852BF716D70050E6DF /* LocationSearchView.swift */ = {isa = PBXFileReference; lastKnownFileType = sourcecode.swift; path = LocationSearchView.swift; sourceTree = "<group>"; };
/* End PBXFileReference section */

/* Begin PBXFrameworksBuildPhase section */
		E7DDAF582BF6F2490050E6DF /* Frameworks */ = {
			isa = PBXFrameworksBuildPhase;
			buildActionMask = 2147483647;
			files = (
			);
			runOnlyForDeploymentPostprocessing = 0;
		};
/* End PBXFrameworksBuildPhase section */

/* Begin PBXGroup section */
		E7DDAF522BF6F2490050E6DF = {
			isa = PBXGroup;
			children = (
				E7DDAF5D2BF6F2490050E6DF /* Uber Clone */,
				E7DDAF5C2BF6F2490050E6DF /* Products */,
			);
			sourceTree = "<group>";
		};
		E7DDAF5C2BF6F2490050E6DF /* Products */ = {
			isa = PBXGroup;
			children = (
				E7DDAF5B2BF6F2490050E6DF /* Uber Clone.app */,
			);
			name = Products;
			sourceTree = "<group>";
		};
		E7DDAF5D2BF6F2490050E6DF /* Uber Clone */ = {
			isa = PBXGroup;
			children = (
				E7DDAF6F2BF70E990050E6DF /* Core */,
				E7DDAF702BF70EAD0050E6DF /* Managers */,
				E7DDAF6E2BF70E930050E6DF /* Extensions */,
				E7DDAF6D2BF70E8B0050E6DF /* Models */,
				E7DDAF6C2BF70E860050E6DF /* App */,
				E7DDAF622BF6F24A0050E6DF /* Assets.xcassets */,
				E7DDAF642BF6F24A0050E6DF /* Preview Content */,
			);
			path = "Uber Clone";
			sourceTree = "<group>";
		};
		E7DDAF642BF6F24A0050E6DF /* Preview Content */ = {
			isa = PBXGroup;
			children = (
				E7DDAF652BF6F24A0050E6DF /* Preview Assets.xcassets */,
			);
			path = "Preview Content";
			sourceTree = "<group>";
		};
		E7DDAF6C2BF70E860050E6DF /* App */ = {
			isa = PBXGroup;
			children = (
				E7DDAF5E2BF6F2490050E6DF /* Uber_CloneApp.swift */,
			);
			path = App;
			sourceTree = "<group>";
		};
		E7DDAF6D2BF70E8B0050E6DF /* Models */ = {
			isa = PBXGroup;
			children = (
			);
			path = Models;
			sourceTree = "<group>";
		};
		E7DDAF6E2BF70E930050E6DF /* Extensions */ = {
			isa = PBXGroup;
			children = (
			);
			path = Extensions;
			sourceTree = "<group>";
		};
		E7DDAF6F2BF70E990050E6DF /* Core */ = {
			isa = PBXGroup;
			children = (
				E7DDAF7E2BF713FF0050E6DF /* LocationSearch */,
				E7DDAF7D2BF713E90050E6DF /* Home */,
			);
			path = Core;
			sourceTree = "<group>";
		};
		E7DDAF702BF70EAD0050E6DF /* Managers */ = {
			isa = PBXGroup;
			children = (
				E7DDAF7A2BF710280050E6DF /* LocationManager.swift */,
			);
			path = Managers;
			sourceTree = "<group>";
		};
		E7DDAF722BF70ECC0050E6DF /* Views */ = {
			isa = PBXGroup;
			children = (
				E7DDAF742BF70EDE0050E6DF /* HomeView.swift */,
				E7DDAF762BF70F280050E6DF /* UberMapViewRepresentable.swift */,
				E7DDAF832BF715F50050E6DF /* MapViewActionButton.swift */,
			);
			path = Views;
			sourceTree = "<group>";
		};
		E7DDAF732BF70ED20050E6DF /* ViewModels */ = {
			isa = PBXGroup;
			children = (
			);
			path = ViewModels;
			sourceTree = "<group>";
		};
		E7DDAF7D2BF713E90050E6DF /* Home */ = {
			isa = PBXGroup;
			children = (
				E7DDAF732BF70ED20050E6DF /* ViewModels */,
				E7DDAF722BF70ECC0050E6DF /* Views */,
			);
			path = Home;
			sourceTree = "<group>";
		};
		E7DDAF7E2BF713FF0050E6DF /* LocationSearch */ = {
			isa = PBXGroup;
			children = (
				E7DDAF802BF714140050E6DF /* ViewModel */,
				E7DDAF7F2BF7140B0050E6DF /* Views */,
			);
			path = LocationSearch;
			sourceTree = "<group>";
		};
		E7DDAF7F2BF7140B0050E6DF /* Views */ = {
			isa = PBXGroup;
			children = (
				E7DDAF812BF7142C0050E6DF /* LocationSearchActivationView.swift */,
				E7DDAF852BF716D70050E6DF /* LocationSearchView.swift */,
				E7556BEE2BF8592A00157F84 /* LocationSearchResultCell.swift */,
			);
			path = Views;
			sourceTree = "<group>";
		};
		E7DDAF802BF714140050E6DF /* ViewModel */ = {
			isa = PBXGroup;
			children = (
				E7556BF02BF862D900157F84 /* LocationSearchViewModel.swift */,
			);
			path = ViewModel;
			sourceTree = "<group>";
		};
/* End PBXGroup section */

/* Begin PBXNativeTarget section */
		E7DDAF5A2BF6F2490050E6DF /* Uber Clone */ = {
			isa = PBXNativeTarget;
			buildConfigurationList = E7DDAF692BF6F24A0050E6DF /* Build configuration list for PBXNativeTarget "Uber Clone" */;
			buildPhases = (
				E7DDAF572BF6F2490050E6DF /* Sources */,
				E7DDAF582BF6F2490050E6DF /* Frameworks */,
				E7DDAF592BF6F2490050E6DF /* Resources */,
			);
			buildRules = (
			);
			dependencies = (
			);
			name = "Uber Clone";
			productName = "Uber Clone";
			productReference = E7DDAF5B2BF6F2490050E6DF /* Uber Clone.app */;
			productType = "com.apple.product-type.application";
		};
/* End PBXNativeTarget section */

/* Begin PBXProject section */
		E7DDAF532BF6F2490050E6DF /* Project object */ = {
			isa = PBXProject;
			attributes = {
				BuildIndependentTargetsInParallel = 1;
				LastSwiftUpdateCheck = 1520;
				LastUpgradeCheck = 1520;
				TargetAttributes = {
					E7DDAF5A2BF6F2490050E6DF = {
						CreatedOnToolsVersion = 15.2;
					};
				};
			};
			buildConfigurationList = E7DDAF562BF6F2490050E6DF /* Build configuration list for PBXProject "Uber Clone" */;
			compatibilityVersion = "Xcode 14.0";
			developmentRegion = en;
			hasScannedForEncodings = 0;
			knownRegions = (
				en,
				Base,
			);
			mainGroup = E7DDAF522BF6F2490050E6DF;
			productRefGroup = E7DDAF5C2BF6F2490050E6DF /* Products */;
			projectDirPath = "";
			projectRoot = "";
			targets = (
				E7DDAF5A2BF6F2490050E6DF /* Uber Clone */,
			);
		};
/* End PBXProject section */

/* Begin PBXResourcesBuildPhase section */
		E7DDAF592BF6F2490050E6DF /* Resources */ = {
			isa = PBXResourcesBuildPhase;
			buildActionMask = 2147483647;
			files = (
				E7DDAF662BF6F24A0050E6DF /* Preview Assets.xcassets in Resources */,
				E7DDAF632BF6F24A0050E6DF /* Assets.xcassets in Resources */,
			);
			runOnlyForDeploymentPostprocessing = 0;
		};
/* End PBXResourcesBuildPhase section */

/* Begin PBXSourcesBuildPhase section */
		E7DDAF572BF6F2490050E6DF /* Sources */ = {
			isa = PBXSourcesBuildPhase;
			buildActionMask = 2147483647;
			files = (
				E7556BF12BF862D900157F84 /* LocationSearchViewModel.swift in Sources */,
				E7DDAF862BF716D70050E6DF /* LocationSearchView.swift in Sources */,
				E7DDAF7B2BF710280050E6DF /* LocationManager.swift in Sources */,
				E7DDAF842BF715F50050E6DF /* MapViewActionButton.swift in Sources */,
				E7DDAF752BF70EDE0050E6DF /* HomeView.swift in Sources */,
				E7DDAF772BF70F280050E6DF /* UberMapViewRepresentable.swift in Sources */,
				E7DDAF5F2BF6F2490050E6DF /* Uber_CloneApp.swift in Sources */,
				E7DDAF822BF7142C0050E6DF /* LocationSearchActivationView.swift in Sources */,
				E7556BEF2BF8592A00157F84 /* LocationSearchResultCell.swift in Sources */,
			);
			runOnlyForDeploymentPostprocessing = 0;
		};
/* End PBXSourcesBuildPhase section */

/* Begin XCBuildConfiguration section */
		E7DDAF672BF6F24A0050E6DF /* Debug */ = {
			isa = XCBuildConfiguration;
			buildSettings = {
				ALWAYS_SEARCH_USER_PATHS = NO;
				ASSETCATALOG_COMPILER_GENERATE_SWIFT_ASSET_SYMBOL_EXTENSIONS = YES;
				CLANG_ANALYZER_NONNULL = YES;
				CLANG_ANALYZER_NUMBER_OBJECT_CONVERSION = YES_AGGRESSIVE;
				CLANG_CXX_LANGUAGE_STANDARD = "gnu++20";
				CLANG_ENABLE_MODULES = YES;
				CLANG_ENABLE_OBJC_ARC = YES;
				CLANG_ENABLE_OBJC_WEAK = YES;
				CLANG_WARN_BLOCK_CAPTURE_AUTORELEASING = YES;
				CLANG_WARN_BOOL_CONVERSION = YES;
				CLANG_WARN_COMMA = YES;
				CLANG_WARN_CONSTANT_CONVERSION = YES;
				CLANG_WARN_DEPRECATED_OBJC_IMPLEMENTATIONS = YES;
				CLANG_WARN_DIRECT_OBJC_ISA_USAGE = YES_ERROR;
				CLANG_WARN_DOCUMENTATION_COMMENTS = YES;
				CLANG_WARN_EMPTY_BODY = YES;
				CLANG_WARN_ENUM_CONVERSION = YES;
				CLANG_WARN_INFINITE_RECURSION = YES;
				CLANG_WARN_INT_CONVERSION = YES;
				CLANG_WARN_NON_LITERAL_NULL_CONVERSION = YES;
				CLANG_WARN_OBJC_IMPLICIT_RETAIN_SELF = YES;
				CLANG_WARN_OBJC_LITERAL_CONVERSION = YES;
				CLANG_WARN_OBJC_ROOT_CLASS = YES_ERROR;
				CLANG_WARN_QUOTED_INCLUDE_IN_FRAMEWORK_HEADER = YES;
				CLANG_WARN_RANGE_LOOP_ANALYSIS = YES;
				CLANG_WARN_STRICT_PROTOTYPES = YES;
				CLANG_WARN_SUSPICIOUS_MOVE = YES;
				CLANG_WARN_UNGUARDED_AVAILABILITY = YES_AGGRESSIVE;
				CLANG_WARN_UNREACHABLE_CODE = YES;
				CLANG_WARN__DUPLICATE_METHOD_MATCH = YES;
				COPY_PHASE_STRIP = NO;
				DEBUG_INFORMATION_FORMAT = dwarf;
				ENABLE_STRICT_OBJC_MSGSEND = YES;
				ENABLE_TESTABILITY = YES;
				ENABLE_USER_SCRIPT_SANDBOXING = YES;
				GCC_C_LANGUAGE_STANDARD = gnu17;
				GCC_DYNAMIC_NO_PIC = NO;
				GCC_NO_COMMON_BLOCKS = YES;
				GCC_OPTIMIZATION_LEVEL = 0;
				GCC_PREPROCESSOR_DEFINITIONS = (
					"DEBUG=1",
					"$(inherited)",
				);
				GCC_WARN_64_TO_32_BIT_CONVERSION = YES;
				GCC_WARN_ABOUT_RETURN_TYPE = YES_ERROR;
				GCC_WARN_UNDECLARED_SELECTOR = YES;
				GCC_WARN_UNINITIALIZED_AUTOS = YES_AGGRESSIVE;
				GCC_WARN_UNUSED_FUNCTION = YES;
				GCC_WARN_UNUSED_VARIABLE = YES;
				IPHONEOS_DEPLOYMENT_TARGET = 17.2;
				LOCALIZATION_PREFERS_STRING_CATALOGS = YES;
				MTL_ENABLE_DEBUG_INFO = INCLUDE_SOURCE;
				MTL_FAST_MATH = YES;
				ONLY_ACTIVE_ARCH = YES;
				SDKROOT = iphoneos;
				SWIFT_ACTIVE_COMPILATION_CONDITIONS = "DEBUG $(inherited)";
				SWIFT_OPTIMIZATION_LEVEL = "-Onone";
			};
			name = Debug;
		};
		E7DDAF682BF6F24A0050E6DF /* Release */ = {
			isa = XCBuildConfiguration;
			buildSettings = {
				ALWAYS_SEARCH_USER_PATHS = NO;
				ASSETCATALOG_COMPILER_GENERATE_SWIFT_ASSET_SYMBOL_EXTENSIONS = YES;
				CLANG_ANALYZER_NONNULL = YES;
				CLANG_ANALYZER_NUMBER_OBJECT_CONVERSION = YES_AGGRESSIVE;
				CLANG_CXX_LANGUAGE_STANDARD = "gnu++20";
				CLANG_ENABLE_MODULES = YES;
				CLANG_ENABLE_OBJC_ARC = YES;
				CLANG_ENABLE_OBJC_WEAK = YES;
				CLANG_WARN_BLOCK_CAPTURE_AUTORELEASING = YES;
				CLANG_WARN_BOOL_CONVERSION = YES;
				CLANG_WARN_COMMA = YES;
				CLANG_WARN_CONSTANT_CONVERSION = YES;
				CLANG_WARN_DEPRECATED_OBJC_IMPLEMENTATIONS = YES;
				CLANG_WARN_DIRECT_OBJC_ISA_USAGE = YES_ERROR;
				CLANG_WARN_DOCUMENTATION_COMMENTS = YES;
				CLANG_WARN_EMPTY_BODY = YES;
				CLANG_WARN_ENUM_CONVERSION = YES;
				CLANG_WARN_INFINITE_RECURSION = YES;
				CLANG_WARN_INT_CONVERSION = YES;
				CLANG_WARN_NON_LITERAL_NULL_CONVERSION = YES;
				CLANG_WARN_OBJC_IMPLICIT_RETAIN_SELF = YES;
				CLANG_WARN_OBJC_LITERAL_CONVERSION = YES;
				CLANG_WARN_OBJC_ROOT_CLASS = YES_ERROR;
				CLANG_WARN_QUOTED_INCLUDE_IN_FRAMEWORK_HEADER = YES;
				CLANG_WARN_RANGE_LOOP_ANALYSIS = YES;
				CLANG_WARN_STRICT_PROTOTYPES = YES;
				CLANG_WARN_SUSPICIOUS_MOVE = YES;
				CLANG_WARN_UNGUARDED_AVAILABILITY = YES_AGGRESSIVE;
				CLANG_WARN_UNREACHABLE_CODE = YES;
				CLANG_WARN__DUPLICATE_METHOD_MATCH = YES;
				COPY_PHASE_STRIP = NO;
				DEBUG_INFORMATION_FORMAT = "dwarf-with-dsym";
				ENABLE_NS_ASSERTIONS = NO;
				ENABLE_STRICT_OBJC_MSGSEND = YES;
				ENABLE_USER_SCRIPT_SANDBOXING = YES;
				GCC_C_LANGUAGE_STANDARD = gnu17;
				GCC_NO_COMMON_BLOCKS = YES;
				GCC_WARN_64_TO_32_BIT_CONVERSION = YES;
				GCC_WARN_ABOUT_RETURN_TYPE = YES_ERROR;
				GCC_WARN_UNDECLARED_SELECTOR = YES;
				GCC_WARN_UNINITIALIZED_AUTOS = YES_AGGRESSIVE;
				GCC_WARN_UNUSED_FUNCTION = YES;
				GCC_WARN_UNUSED_VARIABLE = YES;
				IPHONEOS_DEPLOYMENT_TARGET = 17.2;
				LOCALIZATION_PREFERS_STRING_CATALOGS = YES;
				MTL_ENABLE_DEBUG_INFO = NO;
				MTL_FAST_MATH = YES;
				SDKROOT = iphoneos;
				SWIFT_COMPILATION_MODE = wholemodule;
				VALIDATE_PRODUCT = YES;
			};
			name = Release;
		};
		E7DDAF6A2BF6F24A0050E6DF /* Debug */ = {
			isa = XCBuildConfiguration;
			buildSettings = {
				ASSETCATALOG_COMPILER_APPICON_NAME = AppIcon;
				ASSETCATALOG_COMPILER_GLOBAL_ACCENT_COLOR_NAME = AccentColor;
				CODE_SIGN_STYLE = Automatic;
				CURRENT_PROJECT_VERSION = 1;
				DEVELOPMENT_ASSET_PATHS = "\"Uber Clone/Preview Content\"";
				DEVELOPMENT_TEAM = EYSRG3T5ZC;
				ENABLE_PREVIEWS = YES;
				GENERATE_INFOPLIST_FILE = YES;
				INFOPLIST_KEY_NSLocationWhenInUseUsageDescription = "Please allow us to access your location to find you nearby drivers.";
				INFOPLIST_KEY_UIApplicationSceneManifest_Generation = YES;
				INFOPLIST_KEY_UIApplicationSupportsIndirectInputEvents = YES;
				INFOPLIST_KEY_UILaunchScreen_Generation = YES;
				INFOPLIST_KEY_UISupportedInterfaceOrientations_iPad = "UIInterfaceOrientationPortrait UIInterfaceOrientationPortraitUpsideDown UIInterfaceOrientationLandscapeLeft UIInterfaceOrientationLandscapeRight";
				INFOPLIST_KEY_UISupportedInterfaceOrientations_iPhone = "UIInterfaceOrientationPortrait UIInterfaceOrientationLandscapeLeft UIInterfaceOrientationLandscapeRight";
				IPHONEOS_DEPLOYMENT_TARGET = 17.0;
				LD_RUNPATH_SEARCH_PATHS = (
					"$(inherited)",
					"@executable_path/Frameworks",
				);
				MARKETING_VERSION = 1.0;
				PRODUCT_BUNDLE_IDENTIFIER = "com.hamza.Uber-Clone";
				PRODUCT_NAME = "$(TARGET_NAME)";
				SWIFT_EMIT_LOC_STRINGS = YES;
				SWIFT_VERSION = 5.0;
				TARGETED_DEVICE_FAMILY = "1,2";
			};
			name = Debug;
		};
		E7DDAF6B2BF6F24A0050E6DF /* Release */ = {
			isa = XCBuildConfiguration;
			buildSettings = {
				ASSETCATALOG_COMPILER_APPICON_NAME = AppIcon;
				ASSETCATALOG_COMPILER_GLOBAL_ACCENT_COLOR_NAME = AccentColor;
				CODE_SIGN_STYLE = Automatic;
				CURRENT_PROJECT_VERSION = 1;
				DEVELOPMENT_ASSET_PATHS = "\"Uber Clone/Preview Content\"";
				DEVELOPMENT_TEAM = EYSRG3T5ZC;
				ENABLE_PREVIEWS = YES;
				GENERATE_INFOPLIST_FILE = YES;
				INFOPLIST_KEY_NSLocationWhenInUseUsageDescription = "Please allow us to access your location to find you nearby drivers.";
				INFOPLIST_KEY_UIApplicationSceneManifest_Generation = YES;
				INFOPLIST_KEY_UIApplicationSupportsIndirectInputEvents = YES;
				INFOPLIST_KEY_UILaunchScreen_Generation = YES;
				INFOPLIST_KEY_UISupportedInterfaceOrientations_iPad = "UIInterfaceOrientationPortrait UIInterfaceOrientationPortraitUpsideDown UIInterfaceOrientationLandscapeLeft UIInterfaceOrientationLandscapeRight";
				INFOPLIST_KEY_UISupportedInterfaceOrientations_iPhone = "UIInterfaceOrientationPortrait UIInterfaceOrientationLandscapeLeft UIInterfaceOrientationLandscapeRight";
				IPHONEOS_DEPLOYMENT_TARGET = 17.0;
				LD_RUNPATH_SEARCH_PATHS = (
					"$(inherited)",
					"@executable_path/Frameworks",
				);
				MARKETING_VERSION = 1.0;
				PRODUCT_BUNDLE_IDENTIFIER = "com.hamza.Uber-Clone";
				PRODUCT_NAME = "$(TARGET_NAME)";
				SWIFT_EMIT_LOC_STRINGS = YES;
				SWIFT_VERSION = 5.0;
				TARGETED_DEVICE_FAMILY = "1,2";
			};
			name = Release;
		};
/* End XCBuildConfiguration section */

/* Begin XCConfigurationList section */
		E7DDAF562BF6F2490050E6DF /* Build configuration list for PBXProject "Uber Clone" */ = {
			isa = XCConfigurationList;
			buildConfigurations = (
				E7DDAF672BF6F24A0050E6DF /* Debug */,
				E7DDAF682BF6F24A0050E6DF /* Release */,
			);
			defaultConfigurationIsVisible = 0;
			defaultConfigurationName = Release;
		};
		E7DDAF692BF6F24A0050E6DF /* Build configuration list for PBXNativeTarget "Uber Clone" */ = {
			isa = XCConfigurationList;
			buildConfigurations = (
				E7DDAF6A2BF6F24A0050E6DF /* Debug */,
				E7DDAF6B2BF6F24A0050E6DF /* Release */,
			);
			defaultConfigurationIsVisible = 0;
			defaultConfigurationName = Release;
		};
/* End XCConfigurationList section */
	};
	rootObject = E7DDAF532BF6F2490050E6DF /* Project object */;
}
